// !$*UTF8*$!
{
	archiveVersion = 1;
	classes = {
	};
	objectVersion = 51;
	objects = {

/* Begin PBXBuildFile section */
		0D0F7AAEFFC398B23EE61355 /* AppDelegate.swift in Sources */ = {isa = PBXBuildFile; fileRef = FDBAF421F92763A6CFA1380A /* AppDelegate.swift */; };
		16D17BA7E552785D5159DEEE /* bzl_playgroundTests.swift in Sources */ = {isa = PBXBuildFile; fileRef = 3EED3675D7BEE1547C412872 /* bzl_playgroundTests.swift */; };
		28030A6F389BB53F6207EC84 /* Assets.xcassets in Resources */ = {isa = PBXBuildFile; fileRef = 11A4966238094FCE805A9FFA /* Assets.xcassets */; };
		3B6405B8046AEECFB1852019 /* LaunchScreen.storyboard in Resources */ = {isa = PBXBuildFile; fileRef = 4B106811992A7F6EF3B13590 /* LaunchScreen.storyboard */; };
		4251894B84D8AE4D51B397C6 /* Main.storyboard in Resources */ = {isa = PBXBuildFile; fileRef = D8BA222A8A7469DC4238E9EC /* Main.storyboard */; };
		804C486658D52DAD07A2FC76 /* ViewController.swift in Sources */ = {isa = PBXBuildFile; fileRef = 14FACEB040292BAED184BA5D /* ViewController.swift */; };
		9BBEED2F23C8D25974D60B06 /* SceneDelegate.swift in Sources */ = {isa = PBXBuildFile; fileRef = 24DD7BC2C0A3856893E6267B /* SceneDelegate.swift */; };
/* End PBXBuildFile section */

/* Begin PBXContainerItemProxy section */
		62E3F43551EDF8C451D504EF /* PBXContainerItemProxy */ = {
			isa = PBXContainerItemProxy;
			containerPortal = 7FD621AA3F602F6EC06E9692 /* Project object */;
			proxyType = 1;
			remoteGlobalIDString = 668112493E410E5B632E34FE;
			remoteInfo = "bzl-playground";
		};
/* End PBXContainerItemProxy section */

/* Begin PBXFileReference section */
		11A4966238094FCE805A9FFA /* Assets.xcassets */ = {isa = PBXFileReference; lastKnownFileType = folder.assetcatalog; path = Assets.xcassets; sourceTree = "<group>"; };
		14FACEB040292BAED184BA5D /* ViewController.swift */ = {isa = PBXFileReference; lastKnownFileType = sourcecode.swift; path = ViewController.swift; sourceTree = "<group>"; };
		24DD7BC2C0A3856893E6267B /* SceneDelegate.swift */ = {isa = PBXFileReference; lastKnownFileType = sourcecode.swift; path = SceneDelegate.swift; sourceTree = "<group>"; };
		2574C2DF22A234D127A05D5C /* Info.plist */ = {isa = PBXFileReference; lastKnownFileType = text.plist; path = Info.plist; sourceTree = "<group>"; };
		2868981B36B1344B1924AD0F /* Base */ = {isa = PBXFileReference; lastKnownFileType = file.storyboard; name = Base; path = Base.lproj/LaunchScreen.storyboard; sourceTree = "<group>"; };
		3EED3675D7BEE1547C412872 /* bzl_playgroundTests.swift */ = {isa = PBXFileReference; lastKnownFileType = sourcecode.swift; path = bzl_playgroundTests.swift; sourceTree = "<group>"; };
		B0B5C16193B42699AE8A9D6E /* bzl-playground.app */ = {isa = PBXFileReference; includeInIndex = 0; lastKnownFileType = wrapper.application; path = "bzl-playground.app"; sourceTree = BUILT_PRODUCTS_DIR; };
		B6DA95AA8F8F705161771B81 /* Base */ = {isa = PBXFileReference; lastKnownFileType = file.storyboard; name = Base; path = Base.lproj/Main.storyboard; sourceTree = "<group>"; };
		BD53ED161468E564B3CAF2F6 /* Info.plist */ = {isa = PBXFileReference; lastKnownFileType = text.plist; path = Info.plist; sourceTree = "<group>"; };
		BF8DB0C42AE2A2827B1728CC /* Tests.xctest */ = {isa = PBXFileReference; includeInIndex = 0; lastKnownFileType = wrapper.cfbundle; path = Tests.xctest; sourceTree = BUILT_PRODUCTS_DIR; };
		FDBAF421F92763A6CFA1380A /* AppDelegate.swift */ = {isa = PBXFileReference; lastKnownFileType = sourcecode.swift; path = AppDelegate.swift; sourceTree = "<group>"; };
/* End PBXFileReference section */

/* Begin PBXGroup section */
		767E9A3A42E61D6DBE96DD97 /* Products */ = {
			isa = PBXGroup;
			children = (
				B0B5C16193B42699AE8A9D6E /* bzl-playground.app */,
				BF8DB0C42AE2A2827B1728CC /* Tests.xctest */,
			);
			name = Products;
			sourceTree = "<group>";
		};
		AE2B481606C160A4819BBEE1 /* bzl-playgroundTests */ = {
			isa = PBXGroup;
			children = (
				3EED3675D7BEE1547C412872 /* bzl_playgroundTests.swift */,
				2574C2DF22A234D127A05D5C /* Info.plist */,
			);
			path = "bzl-playgroundTests";
			sourceTree = "<group>";
		};
		BAF30F148716A9F9F902183A /* bzl-playground */ = {
			isa = PBXGroup;
			children = (
				FDBAF421F92763A6CFA1380A /* AppDelegate.swift */,
				11A4966238094FCE805A9FFA /* Assets.xcassets */,
				BD53ED161468E564B3CAF2F6 /* Info.plist */,
				4B106811992A7F6EF3B13590 /* LaunchScreen.storyboard */,
				D8BA222A8A7469DC4238E9EC /* Main.storyboard */,
				24DD7BC2C0A3856893E6267B /* SceneDelegate.swift */,
				14FACEB040292BAED184BA5D /* ViewController.swift */,
			);
			path = "bzl-playground";
			sourceTree = "<group>";
		};
		DB4EE9EFBB831102941F9751 = {
			isa = PBXGroup;
			children = (
				BAF30F148716A9F9F902183A /* bzl-playground */,
				AE2B481606C160A4819BBEE1 /* bzl-playgroundTests */,
				767E9A3A42E61D6DBE96DD97 /* Products */,
			);
			sourceTree = "<group>";
		};
/* End PBXGroup section */

/* Begin PBXNativeTarget section */
		668112493E410E5B632E34FE /* bzl-playground */ = {
			isa = PBXNativeTarget;
			buildConfigurationList = DDA7BA647AD7F66BF8915FF0 /* Build configuration list for PBXNativeTarget "bzl-playground" */;
			buildPhases = (
				2E652CAFEDB3CED4770E9773 /* Sources */,
				060CFF0DA40707575DA1B0E1 /* Resources */,
			);
			buildRules = (
			);
			dependencies = (
			);
			name = "bzl-playground";
			productName = "bzl-playground";
			productReference = B0B5C16193B42699AE8A9D6E /* bzl-playground.app */;
			productType = "com.apple.product-type.application";
		};
		BC990B592133B9275375225E /* Tests */ = {
			isa = PBXNativeTarget;
			buildConfigurationList = 5187439E667FABC320687DA5 /* Build configuration list for PBXNativeTarget "Tests" */;
			buildPhases = (
				033411700522DF645C46EB67 /* Sources */,
			);
			buildRules = (
			);
			dependencies = (
				B68CBA4F736AF07BEE31826D /* PBXTargetDependency */,
			);
			name = Tests;
			productName = Tests;
			productReference = BF8DB0C42AE2A2827B1728CC /* Tests.xctest */;
			productType = "com.apple.product-type.bundle.unit-test";
		};
/* End PBXNativeTarget section */

/* Begin PBXProject section */
		7FD621AA3F602F6EC06E9692 /* Project object */ = {
			isa = PBXProject;
			attributes = {
				LastUpgradeCheck = 1400;
				TargetAttributes = {
				};
			};
			buildConfigurationList = F188110D6564532931B3BD92 /* Build configuration list for PBXProject "bzl-playground" */;
			compatibilityVersion = "Xcode 11.0";
			developmentRegion = en;
			hasScannedForEncodings = 0;
			knownRegions = (
				Base,
				en,
			);
			mainGroup = DB4EE9EFBB831102941F9751;
			projectDirPath = "";
			projectRoot = "";
			targets = (
				BC990B592133B9275375225E /* Tests */,
				668112493E410E5B632E34FE /* bzl-playground */,
			);
		};
/* End PBXProject section */

/* Begin PBXResourcesBuildPhase section */
		060CFF0DA40707575DA1B0E1 /* Resources */ = {
			isa = PBXResourcesBuildPhase;
			buildActionMask = 2147483647;
			files = (
				28030A6F389BB53F6207EC84 /* Assets.xcassets in Resources */,
				3B6405B8046AEECFB1852019 /* LaunchScreen.storyboard in Resources */,
				4251894B84D8AE4D51B397C6 /* Main.storyboard in Resources */,
			);
			runOnlyForDeploymentPostprocessing = 0;
		};
/* End PBXResourcesBuildPhase section */

/* Begin PBXSourcesBuildPhase section */
		033411700522DF645C46EB67 /* Sources */ = {
			isa = PBXSourcesBuildPhase;
			buildActionMask = 2147483647;
			files = (
				16D17BA7E552785D5159DEEE /* bzl_playgroundTests.swift in Sources */,
			);
			runOnlyForDeploymentPostprocessing = 0;
		};
		2E652CAFEDB3CED4770E9773 /* Sources */ = {
			isa = PBXSourcesBuildPhase;
			buildActionMask = 2147483647;
			files = (
				0D0F7AAEFFC398B23EE61355 /* AppDelegate.swift in Sources */,
				9BBEED2F23C8D25974D60B06 /* SceneDelegate.swift in Sources */,
				804C486658D52DAD07A2FC76 /* ViewController.swift in Sources */,
			);
			runOnlyForDeploymentPostprocessing = 0;
		};
/* End PBXSourcesBuildPhase section */

/* Begin PBXTargetDependency section */
		B68CBA4F736AF07BEE31826D /* PBXTargetDependency */ = {
			isa = PBXTargetDependency;
			target = 668112493E410E5B632E34FE /* bzl-playground */;
			targetProxy = 62E3F43551EDF8C451D504EF /* PBXContainerItemProxy */;
		};
/* End PBXTargetDependency section */

/* Begin PBXVariantGroup section */
		4B106811992A7F6EF3B13590 /* LaunchScreen.storyboard */ = {
			isa = PBXVariantGroup;
			children = (
				2868981B36B1344B1924AD0F /* Base */,
			);
			name = LaunchScreen.storyboard;
			sourceTree = "<group>";
		};
		D8BA222A8A7469DC4238E9EC /* Main.storyboard */ = {
			isa = PBXVariantGroup;
			children = (
				B6DA95AA8F8F705161771B81 /* Base */,
			);
			name = Main.storyboard;
			sourceTree = "<group>";
		};
/* End PBXVariantGroup section */

/* Begin XCBuildConfiguration section */
		65D00D34721ECB56F538A8A5 /* Release */ = {
			isa = XCBuildConfiguration;
			buildSettings = {
				ASSETCATALOG_COMPILER_APPICON_NAME = AppIcon;
				CODE_SIGN_IDENTITY = "iPhone Developer";
				INFOPLIST_FILE = "bzl-playground/Info.plist";
				LD_RUNPATH_SEARCH_PATHS = (
					"$(inherited)",
					"@executable_path/Frameworks",
				);
				PRODUCT_BUNDLE_IDENTIFIER = "io.1inchtest.bzl-playground";
				SDKROOT = iphoneos;
				TARGETED_DEVICE_FAMILY = "1,2";
			};
			name = Release;
		};
		6A6FAEA7A64382735A67EADF /* Release */ = {
			isa = XCBuildConfiguration;
			buildSettings = {
				ALWAYS_SEARCH_USER_PATHS = NO;
				CLANG_ANALYZER_NONNULL = YES;
				CLANG_ANALYZER_NUMBER_OBJECT_CONVERSION = YES_AGGRESSIVE;
				CLANG_CXX_LANGUAGE_STANDARD = "gnu++14";
				CLANG_CXX_LIBRARY = "libc++";
				CLANG_ENABLE_MODULES = YES;
				CLANG_ENABLE_OBJC_ARC = YES;
				CLANG_ENABLE_OBJC_WEAK = YES;
				CLANG_WARN_BLOCK_CAPTURE_AUTORELEASING = YES;
				CLANG_WARN_BOOL_CONVERSION = YES;
				CLANG_WARN_COMMA = YES;
				CLANG_WARN_CONSTANT_CONVERSION = YES;
				CLANG_WARN_DEPRECATED_OBJC_IMPLEMENTATIONS = YES;
				CLANG_WARN_DIRECT_OBJC_ISA_USAGE = YES_ERROR;
				CLANG_WARN_DOCUMENTATION_COMMENTS = YES;
				CLANG_WARN_EMPTY_BODY = YES;
				CLANG_WARN_ENUM_CONVERSION = YES;
				CLANG_WARN_INFINITE_RECURSION = YES;
				CLANG_WARN_INT_CONVERSION = YES;
				CLANG_WARN_NON_LITERAL_NULL_CONVERSION = YES;
				CLANG_WARN_OBJC_IMPLICIT_RETAIN_SELF = YES;
				CLANG_WARN_OBJC_LITERAL_CONVERSION = YES;
				CLANG_WARN_OBJC_ROOT_CLASS = YES_ERROR;
				CLANG_WARN_QUOTED_INCLUDE_IN_FRAMEWORK_HEADER = YES;
				CLANG_WARN_RANGE_LOOP_ANALYSIS = YES;
				CLANG_WARN_STRICT_PROTOTYPES = YES;
				CLANG_WARN_SUSPICIOUS_MOVE = YES;
				CLANG_WARN_UNGUARDED_AVAILABILITY = YES_AGGRESSIVE;
				CLANG_WARN_UNREACHABLE_CODE = YES;
				CLANG_WARN__DUPLICATE_METHOD_MATCH = YES;
				COPY_PHASE_STRIP = NO;
				DEBUG_INFORMATION_FORMAT = "dwarf-with-dsym";
				ENABLE_NS_ASSERTIONS = NO;
				ENABLE_STRICT_OBJC_MSGSEND = YES;
				GCC_C_LANGUAGE_STANDARD = gnu11;
				GCC_NO_COMMON_BLOCKS = YES;
				GCC_WARN_64_TO_32_BIT_CONVERSION = YES;
				GCC_WARN_ABOUT_RETURN_TYPE = YES_ERROR;
				GCC_WARN_UNDECLARED_SELECTOR = YES;
				GCC_WARN_UNINITIALIZED_AUTOS = YES_AGGRESSIVE;
				GCC_WARN_UNUSED_FUNCTION = YES;
				GCC_WARN_UNUSED_VARIABLE = YES;
				IPHONEOS_DEPLOYMENT_TARGET = 15.0;
				MTL_ENABLE_DEBUG_INFO = NO;
				MTL_FAST_MATH = YES;
				PRODUCT_NAME = "$(TARGET_NAME)";
				SDKROOT = iphoneos;
				SWIFT_COMPILATION_MODE = wholemodule;
				SWIFT_OPTIMIZATION_LEVEL = "-O";
				SWIFT_VERSION = 5.0;
			};
			name = Release;
		};
		9769FCEF63B4355D10CD3D52 /* Release */ = {
			isa = XCBuildConfiguration;
			buildSettings = {
				BUNDLE_LOADER = "$(TEST_HOST)";
				INFOPLIST_FILE = "bzl-playgroundTests/Info.plist";
				LD_RUNPATH_SEARCH_PATHS = (
					"$(inherited)",
					"@executable_path/Frameworks",
					"@loader_path/Frameworks",
				);
				PRODUCT_BUNDLE_IDENTIFIER = io.1inchtest.Tests;
				SDKROOT = iphoneos;
				TARGETED_DEVICE_FAMILY = "1,2";
				TEST_HOST = "$(BUILT_PRODUCTS_DIR)/bzl-playground.app/bzl-playground";
			};
			name = Release;
		};
		C048C5157D11A51F4F872382 /* Debug */ = {
			isa = XCBuildConfiguration;
			buildSettings = {
				ASSETCATALOG_COMPILER_APPICON_NAME = AppIcon;
				CODE_SIGN_IDENTITY = "iPhone Developer";
				INFOPLIST_FILE = "bzl-playground/Info.plist";
				LD_RUNPATH_SEARCH_PATHS = (
					"$(inherited)",
					"@executable_path/Frameworks",
				);
				PRODUCT_BUNDLE_IDENTIFIER = "io.1inchtest.bzl-playground";
				SDKROOT = iphoneos;
				TARGETED_DEVICE_FAMILY = "1,2";
			};
			name = Debug;
		};
		C23AC24C642BCE292B100774 /* Debug */ = {
			isa = XCBuildConfiguration;
			buildSettings = {
				BUNDLE_LOADER = "$(TEST_HOST)";
				INFOPLIST_FILE = "bzl-playgroundTests/Info.plist";
				LD_RUNPATH_SEARCH_PATHS = (
					"$(inherited)",
					"@executable_path/Frameworks",
					"@loader_path/Frameworks",
				);
				PRODUCT_BUNDLE_IDENTIFIER = io.1inchtest.Tests;
				SDKROOT = iphoneos;
				TARGETED_DEVICE_FAMILY = "1,2";
				TEST_HOST = "$(BUILT_PRODUCTS_DIR)/bzl-playground.app/bzl-playground";
			};
			name = Debug;
		};
		DA3C17ED47B24938606B0831 /* Debug */ = {
			isa = XCBuildConfiguration;
			buildSettings = {
				ALWAYS_SEARCH_USER_PATHS = NO;
				CLANG_ANALYZER_NONNULL = YES;
				CLANG_ANALYZER_NUMBER_OBJECT_CONVERSION = YES_AGGRESSIVE;
				CLANG_CXX_LANGUAGE_STANDARD = "gnu++14";
				CLANG_CXX_LIBRARY = "libc++";
				CLANG_ENABLE_MODULES = YES;
				CLANG_ENABLE_OBJC_ARC = YES;
				CLANG_ENABLE_OBJC_WEAK = YES;
				CLANG_WARN_BLOCK_CAPTURE_AUTORELEASING = YES;
				CLANG_WARN_BOOL_CONVERSION = YES;
				CLANG_WARN_COMMA = YES;
				CLANG_WARN_CONSTANT_CONVERSION = YES;
				CLANG_WARN_DEPRECATED_OBJC_IMPLEMENTATIONS = YES;
				CLANG_WARN_DIRECT_OBJC_ISA_USAGE = YES_ERROR;
				CLANG_WARN_DOCUMENTATION_COMMENTS = YES;
				CLANG_WARN_EMPTY_BODY = YES;
				CLANG_WARN_ENUM_CONVERSION = YES;
				CLANG_WARN_INFINITE_RECURSION = YES;
				CLANG_WARN_INT_CONVERSION = YES;
				CLANG_WARN_NON_LITERAL_NULL_CONVERSION = YES;
				CLANG_WARN_OBJC_IMPLICIT_RETAIN_SELF = YES;
				CLANG_WARN_OBJC_LITERAL_CONVERSION = YES;
				CLANG_WARN_OBJC_ROOT_CLASS = YES_ERROR;
				CLANG_WARN_QUOTED_INCLUDE_IN_FRAMEWORK_HEADER = YES;
				CLANG_WARN_RANGE_LOOP_ANALYSIS = YES;
				CLANG_WARN_STRICT_PROTOTYPES = YES;
				CLANG_WARN_SUSPICIOUS_MOVE = YES;
				CLANG_WARN_UNGUARDED_AVAILABILITY = YES_AGGRESSIVE;
				CLANG_WARN_UNREACHABLE_CODE = YES;
				CLANG_WARN__DUPLICATE_METHOD_MATCH = YES;
				COPY_PHASE_STRIP = NO;
				DEBUG_INFORMATION_FORMAT = dwarf;
				ENABLE_STRICT_OBJC_MSGSEND = YES;
				ENABLE_TESTABILITY = YES;
				GCC_C_LANGUAGE_STANDARD = gnu11;
				GCC_DYNAMIC_NO_PIC = NO;
				GCC_NO_COMMON_BLOCKS = YES;
				GCC_OPTIMIZATION_LEVEL = 0;
				GCC_PREPROCESSOR_DEFINITIONS = (
					"$(inherited)",
					"DEBUG=1",
				);
				GCC_WARN_64_TO_32_BIT_CONVERSION = YES;
				GCC_WARN_ABOUT_RETURN_TYPE = YES_ERROR;
				GCC_WARN_UNDECLARED_SELECTOR = YES;
				GCC_WARN_UNINITIALIZED_AUTOS = YES_AGGRESSIVE;
				GCC_WARN_UNUSED_FUNCTION = YES;
				GCC_WARN_UNUSED_VARIABLE = YES;
				IPHONEOS_DEPLOYMENT_TARGET = 15.0;
				MTL_ENABLE_DEBUG_INFO = INCLUDE_SOURCE;
				MTL_FAST_MATH = YES;
				ONLY_ACTIVE_ARCH = YES;
				PRODUCT_NAME = "$(TARGET_NAME)";
				SDKROOT = iphoneos;
				SWIFT_ACTIVE_COMPILATION_CONDITIONS = DEBUG;
				SWIFT_OPTIMIZATION_LEVEL = "-Onone";
				SWIFT_VERSION = 5.0;
			};
			name = Debug;
		};
/* End XCBuildConfiguration section */

/* Begin XCConfigurationList section */
		5187439E667FABC320687DA5 /* Build configuration list for PBXNativeTarget "Tests" */ = {
			isa = XCConfigurationList;
			buildConfigurations = (
				C23AC24C642BCE292B100774 /* Debug */,
				9769FCEF63B4355D10CD3D52 /* Release */,
			);
			defaultConfigurationIsVisible = 0;
			defaultConfigurationName = Debug;
		};
		DDA7BA647AD7F66BF8915FF0 /* Build configuration list for PBXNativeTarget "bzl-playground" */ = {
			isa = XCConfigurationList;
			buildConfigurations = (
				C048C5157D11A51F4F872382 /* Debug */,
				65D00D34721ECB56F538A8A5 /* Release */,
			);
			defaultConfigurationIsVisible = 0;
			defaultConfigurationName = Debug;
		};
		F188110D6564532931B3BD92 /* Build configuration list for PBXProject "bzl-playground" */ = {
			isa = XCConfigurationList;
			buildConfigurations = (
				DA3C17ED47B24938606B0831 /* Debug */,
				6A6FAEA7A64382735A67EADF /* Release */,
			);
			defaultConfigurationIsVisible = 0;
			defaultConfigurationName = Debug;
		};
/* End XCConfigurationList section */
	};
	rootObject = 7FD621AA3F602F6EC06E9692 /* Project object */;
}
