// !$*UTF8*$!
{
	archiveVersion = 1;
	classes = {
	};
	objectVersion = 51;
	objects = {

/* Begin PBXBuildFile section */
		0D0F7AAEFFC398B23EE61355 /* AppDelegate.swift in Sources */ = {isa = PBXBuildFile; fileRef = FDBAF421F92763A6CFA1380A /* AppDelegate.swift */; };
		16D17BA7E552785D5159DEEE /* bzl_playgroundTests.swift in Sources */ = {isa = PBXBuildFile; fileRef = 3EED3675D7BEE1547C412872 /* bzl_playgroundTests.swift */; };
		28030A6F389BB53F6207EC84 /* Assets.xcassets in Resources */ = {isa = PBXBuildFile; fileRef = 11A4966238094FCE805A9FFA /* Assets.xcassets */; };
		3B6405B8046AEECFB1852019 /* LaunchScreen.storyboard in Resources */ = {isa = PBXBuildFile; fileRef = 4B106811992A7F6EF3B13590 /* LaunchScreen.storyboard */; };
		4251894B84D8AE4D51B397C6 /* Main.storyboard in Resources */ = {isa = PBXBuildFile; fileRef = D8BA222A8A7469DC4238E9EC /* Main.storyboard */; };
		804C486658D52DAD07A2FC76 /* ViewController.swift in Sources */ = {isa = PBXBuildFile; fileRef = 14FACEB040292BAED184BA5D /* ViewController.swift */; };
		9BBEED2F23C8D25974D60B06 /* SceneDelegate.swift in Sources */ = {isa = PBXBuildFile; fileRef = 24DD7BC2C0A3856893E6267B /* SceneDelegate.swift */; };
/* End PBXBuildFile section */

/* Begin PBXContainerItemProxy section */
		62E3F43551EDF8C451D504EF /* PBXContainerItemProxy */ = {
			isa = PBXContainerItemProxy;
			containerPortal = 7FD621AA3F602F6EC06E9692 /* Project object */;
			proxyType = 1;
			remoteGlobalIDString = 668112493E410E5B632E34FE;
			remoteInfo = "bzl-playground";
		};
/* End PBXContainerItemProxy section */

/* Begin PBXFileReference section */
		11A4966238094FCE805A9FFA /* Assets.xcassets */ = {isa = PBXFileReference; lastKnownFileType = folder.assetcatalog; path = Assets.xcassets; sourceTree = "<group>"; };
		14FACEB040292BAED184BA5D /* ViewController.swift */ = {isa = PBXFileReference; lastKnownFileType = sourcecode.swift; path = ViewController.swift; sourceTree = "<group>"; };
		1AAD1EC84E1F9B1F39DE29EE /* bzl-playgroundTests.xcconfig */ = {isa = PBXFileReference; lastKnownFileType = text.xcconfig; path = "bzl-playgroundTests.xcconfig"; sourceTree = "<group>"; };
		24DD7BC2C0A3856893E6267B /* SceneDelegate.swift */ = {isa = PBXFileReference; lastKnownFileType = sourcecode.swift; path = SceneDelegate.swift; sourceTree = "<group>"; };
		2868981B36B1344B1924AD0F /* Base */ = {isa = PBXFileReference; lastKnownFileType = file.storyboard; name = Base; path = Base.lproj/LaunchScreen.storyboard; sourceTree = "<group>"; };
		3C071706E77D265A442FCB65 /* bzl-playground-Debug.xcconfig */ = {isa = PBXFileReference; lastKnownFileType = text.xcconfig; path = "bzl-playground-Debug.xcconfig"; sourceTree = "<group>"; };
		3EED3675D7BEE1547C412872 /* bzl_playgroundTests.swift */ = {isa = PBXFileReference; lastKnownFileType = sourcecode.swift; path = bzl_playgroundTests.swift; sourceTree = "<group>"; };
		7B578320E64D8D99E442DFCD /* bzl-playground-Release.xcconfig */ = {isa = PBXFileReference; lastKnownFileType = text.xcconfig; path = "bzl-playground-Release.xcconfig"; sourceTree = "<group>"; };
		B0B5C16193B42699AE8A9D6E /* bzl-playground.app */ = {isa = PBXFileReference; includeInIndex = 0; lastKnownFileType = wrapper.application; path = "bzl-playground.app"; sourceTree = BUILT_PRODUCTS_DIR; };
		B6DA95AA8F8F705161771B81 /* Base */ = {isa = PBXFileReference; lastKnownFileType = file.storyboard; name = Base; path = Base.lproj/Main.storyboard; sourceTree = "<group>"; };
		BD53ED161468E564B3CAF2F6 /* Info.plist */ = {isa = PBXFileReference; lastKnownFileType = text.plist; path = Info.plist; sourceTree = "<group>"; };
		BF8DB0C42AE2A2827B1728CC /* Tests.xctest */ = {isa = PBXFileReference; includeInIndex = 0; lastKnownFileType = wrapper.cfbundle; path = Tests.xctest; sourceTree = BUILT_PRODUCTS_DIR; };
		CF8B8CAB7CF7E688226D6E52 /* Debug.xcconfig */ = {isa = PBXFileReference; lastKnownFileType = text.xcconfig; path = Debug.xcconfig; sourceTree = "<group>"; };
		FDBAF421F92763A6CFA1380A /* AppDelegate.swift */ = {isa = PBXFileReference; lastKnownFileType = sourcecode.swift; path = AppDelegate.swift; sourceTree = "<group>"; };
		FDDC533D6B90DEB9226C2490 /* Release.xcconfig */ = {isa = PBXFileReference; lastKnownFileType = text.xcconfig; path = Release.xcconfig; sourceTree = "<group>"; };
/* End PBXFileReference section */

/* Begin PBXGroup section */
		0D44F43F40620D6D37D470C0 /* xcconfigs */ = {
			isa = PBXGroup;
			children = (
				3C071706E77D265A442FCB65 /* bzl-playground-Debug.xcconfig */,
				7B578320E64D8D99E442DFCD /* bzl-playground-Release.xcconfig */,
				1AAD1EC84E1F9B1F39DE29EE /* bzl-playgroundTests.xcconfig */,
				CF8B8CAB7CF7E688226D6E52 /* Debug.xcconfig */,
				FDDC533D6B90DEB9226C2490 /* Release.xcconfig */,
			);
			path = xcconfigs;
			sourceTree = "<group>";
		};
		767E9A3A42E61D6DBE96DD97 /* Products */ = {
			isa = PBXGroup;
			children = (
				B0B5C16193B42699AE8A9D6E /* bzl-playground.app */,
				BF8DB0C42AE2A2827B1728CC /* Tests.xctest */,
			);
			name = Products;
			sourceTree = "<group>";
		};
		AE2B481606C160A4819BBEE1 /* bzl-playgroundTests */ = {
			isa = PBXGroup;
			children = (
				3EED3675D7BEE1547C412872 /* bzl_playgroundTests.swift */,
			);
			path = "bzl-playgroundTests";
			sourceTree = "<group>";
		};
		BAF30F148716A9F9F902183A /* bzl-playground */ = {
			isa = PBXGroup;
			children = (
				FDBAF421F92763A6CFA1380A /* AppDelegate.swift */,
				11A4966238094FCE805A9FFA /* Assets.xcassets */,
				BD53ED161468E564B3CAF2F6 /* Info.plist */,
				4B106811992A7F6EF3B13590 /* LaunchScreen.storyboard */,
				D8BA222A8A7469DC4238E9EC /* Main.storyboard */,
				24DD7BC2C0A3856893E6267B /* SceneDelegate.swift */,
				14FACEB040292BAED184BA5D /* ViewController.swift */,
			);
			path = "bzl-playground";
			sourceTree = "<group>";
		};
		DB4EE9EFBB831102941F9751 = {
			isa = PBXGroup;
			children = (
				BAF30F148716A9F9F902183A /* bzl-playground */,
				AE2B481606C160A4819BBEE1 /* bzl-playgroundTests */,
				0D44F43F40620D6D37D470C0 /* xcconfigs */,
				767E9A3A42E61D6DBE96DD97 /* Products */,
			);
			sourceTree = "<group>";
		};
/* End PBXGroup section */

/* Begin PBXNativeTarget section */
		668112493E410E5B632E34FE /* bzl-playground */ = {
			isa = PBXNativeTarget;
			buildConfigurationList = DDA7BA647AD7F66BF8915FF0 /* Build configuration list for PBXNativeTarget "bzl-playground" */;
			buildPhases = (
				2E652CAFEDB3CED4770E9773 /* Sources */,
				060CFF0DA40707575DA1B0E1 /* Resources */,
			);
			buildRules = (
			);
			dependencies = (
			);
			name = "bzl-playground";
			productName = "bzl-playground";
			productReference = B0B5C16193B42699AE8A9D6E /* bzl-playground.app */;
			productType = "com.apple.product-type.application";
		};
		BC990B592133B9275375225E /* Tests */ = {
			isa = PBXNativeTarget;
			buildConfigurationList = 5187439E667FABC320687DA5 /* Build configuration list for PBXNativeTarget "Tests" */;
			buildPhases = (
				033411700522DF645C46EB67 /* Sources */,
			);
			buildRules = (
			);
			dependencies = (
				B68CBA4F736AF07BEE31826D /* PBXTargetDependency */,
			);
			name = Tests;
			productName = Tests;
			productReference = BF8DB0C42AE2A2827B1728CC /* Tests.xctest */;
			productType = "com.apple.product-type.bundle.unit-test";
		};
/* End PBXNativeTarget section */

/* Begin PBXProject section */
		7FD621AA3F602F6EC06E9692 /* Project object */ = {
			isa = PBXProject;
			attributes = {
				LastUpgradeCheck = 1400;
				TargetAttributes = {
					668112493E410E5B632E34FE = {
						DevelopmentTeam = 6PMBQR35S8;
						ProvisioningStyle = Automatic;
					};
					BC990B592133B9275375225E = {
						DevelopmentTeam = 6PMBQR35S8;
						ProvisioningStyle = Automatic;
					};
				};
			};
			buildConfigurationList = F188110D6564532931B3BD92 /* Build configuration list for PBXProject "bzl-playground" */;
			compatibilityVersion = "Xcode 11.0";
			developmentRegion = en;
			hasScannedForEncodings = 0;
			knownRegions = (
				Base,
				en,
			);
			mainGroup = DB4EE9EFBB831102941F9751;
			projectDirPath = "";
			projectRoot = "";
			targets = (
				BC990B592133B9275375225E /* Tests */,
				668112493E410E5B632E34FE /* bzl-playground */,
			);
		};
/* End PBXProject section */

/* Begin PBXResourcesBuildPhase section */
		060CFF0DA40707575DA1B0E1 /* Resources */ = {
			isa = PBXResourcesBuildPhase;
			buildActionMask = 2147483647;
			files = (
				28030A6F389BB53F6207EC84 /* Assets.xcassets in Resources */,
				3B6405B8046AEECFB1852019 /* LaunchScreen.storyboard in Resources */,
				4251894B84D8AE4D51B397C6 /* Main.storyboard in Resources */,
			);
			runOnlyForDeploymentPostprocessing = 0;
		};
/* End PBXResourcesBuildPhase section */

/* Begin PBXSourcesBuildPhase section */
		033411700522DF645C46EB67 /* Sources */ = {
			isa = PBXSourcesBuildPhase;
			buildActionMask = 2147483647;
			files = (
				16D17BA7E552785D5159DEEE /* bzl_playgroundTests.swift in Sources */,
			);
			runOnlyForDeploymentPostprocessing = 0;
		};
		2E652CAFEDB3CED4770E9773 /* Sources */ = {
			isa = PBXSourcesBuildPhase;
			buildActionMask = 2147483647;
			files = (
				0D0F7AAEFFC398B23EE61355 /* AppDelegate.swift in Sources */,
				9BBEED2F23C8D25974D60B06 /* SceneDelegate.swift in Sources */,
				804C486658D52DAD07A2FC76 /* ViewController.swift in Sources */,
			);
			runOnlyForDeploymentPostprocessing = 0;
		};
/* End PBXSourcesBuildPhase section */

/* Begin PBXTargetDependency section */
		B68CBA4F736AF07BEE31826D /* PBXTargetDependency */ = {
			isa = PBXTargetDependency;
			target = 668112493E410E5B632E34FE /* bzl-playground */;
			targetProxy = 62E3F43551EDF8C451D504EF /* PBXContainerItemProxy */;
		};
/* End PBXTargetDependency section */

/* Begin PBXVariantGroup section */
		4B106811992A7F6EF3B13590 /* LaunchScreen.storyboard */ = {
			isa = PBXVariantGroup;
			children = (
				2868981B36B1344B1924AD0F /* Base */,
			);
			name = LaunchScreen.storyboard;
			sourceTree = "<group>";
		};
		D8BA222A8A7469DC4238E9EC /* Main.storyboard */ = {
			isa = PBXVariantGroup;
			children = (
				B6DA95AA8F8F705161771B81 /* Base */,
			);
			name = Main.storyboard;
			sourceTree = "<group>";
		};
/* End PBXVariantGroup section */

/* Begin XCBuildConfiguration section */
		65D00D34721ECB56F538A8A5 /* Release */ = {
			isa = XCBuildConfiguration;
			baseConfigurationReference = 7B578320E64D8D99E442DFCD /* bzl-playground-Release.xcconfig */;
			buildSettings = {
				CODE_SIGN_IDENTITY = "iPhone Developer";
				INFOPLIST_FILE = "bzl-playground/Info.plist";
			};
			name = Release;
		};
		6A6FAEA7A64382735A67EADF /* Release */ = {
			isa = XCBuildConfiguration;
			baseConfigurationReference = FDDC533D6B90DEB9226C2490 /* Release.xcconfig */;
			buildSettings = {
				CLANG_CXX_LIBRARY = "libc++";
				IPHONEOS_DEPLOYMENT_TARGET = 15.0;
			};
			name = Release;
		};
		9769FCEF63B4355D10CD3D52 /* Release */ = {
			isa = XCBuildConfiguration;
			baseConfigurationReference = 1AAD1EC84E1F9B1F39DE29EE /* bzl-playgroundTests.xcconfig */;
			buildSettings = {
				LD_RUNPATH_SEARCH_PATHS = (
					"$(inherited)",
					"@executable_path/Frameworks",
					"@loader_path/Frameworks",
				);
			};
			name = Release;
		};
		C048C5157D11A51F4F872382 /* Debug */ = {
			isa = XCBuildConfiguration;
			baseConfigurationReference = 3C071706E77D265A442FCB65 /* bzl-playground-Debug.xcconfig */;
			buildSettings = {
				CODE_SIGN_IDENTITY = "iPhone Developer";
				INFOPLIST_FILE = "bzl-playground/Info.plist";
			};
			name = Debug;
		};
		C23AC24C642BCE292B100774 /* Debug */ = {
			isa = XCBuildConfiguration;
			baseConfigurationReference = 1AAD1EC84E1F9B1F39DE29EE /* bzl-playgroundTests.xcconfig */;
			buildSettings = {
				LD_RUNPATH_SEARCH_PATHS = (
					"$(inherited)",
					"@executable_path/Frameworks",
					"@loader_path/Frameworks",
				);
			};
			name = Debug;
		};
		DA3C17ED47B24938606B0831 /* Debug */ = {
			isa = XCBuildConfiguration;
			baseConfigurationReference = CF8B8CAB7CF7E688226D6E52 /* Debug.xcconfig */;
			buildSettings = {
				CLANG_CXX_LIBRARY = "libc++";
				IPHONEOS_DEPLOYMENT_TARGET = 15.0;
			};
			name = Debug;
		};
/* End XCBuildConfiguration section */

/* Begin XCConfigurationList section */
		5187439E667FABC320687DA5 /* Build configuration list for PBXNativeTarget "Tests" */ = {
			isa = XCConfigurationList;
			buildConfigurations = (
				C23AC24C642BCE292B100774 /* Debug */,
				9769FCEF63B4355D10CD3D52 /* Release */,
			);
			defaultConfigurationIsVisible = 0;
			defaultConfigurationName = Debug;
		};
		DDA7BA647AD7F66BF8915FF0 /* Build configuration list for PBXNativeTarget "bzl-playground" */ = {
			isa = XCConfigurationList;
			buildConfigurations = (
				C048C5157D11A51F4F872382 /* Debug */,
				65D00D34721ECB56F538A8A5 /* Release */,
			);
			defaultConfigurationIsVisible = 0;
			defaultConfigurationName = Debug;
		};
		F188110D6564532931B3BD92 /* Build configuration list for PBXProject "bzl-playground" */ = {
			isa = XCConfigurationList;
			buildConfigurations = (
				DA3C17ED47B24938606B0831 /* Debug */,
				6A6FAEA7A64382735A67EADF /* Release */,
			);
			defaultConfigurationIsVisible = 0;
			defaultConfigurationName = Debug;
		};
/* End XCConfigurationList section */
	};
	rootObject = 7FD621AA3F602F6EC06E9692 /* Project object */;
}
